
Microsoft Visual Studio Solution File, Format Version 12.00
# Visual Studio Version 16
VisualStudioVersion = 16.0.31129.286
MinimumVisualStudioVersion = 10.0.40219.1
Project("{FAE04EC0-301F-11D3-BF4B-00C04F79EFBC}") = "Covid19", "Covid19\Covid19.csproj", "{B70087EA-B6C2-46F5-8FB3-9B3A056A3282}"
	ProjectSection(ProjectDependencies) = postProject
		{28657A48-0CBB-405D-9F01-63F96DF23151} = {28657A48-0CBB-405D-9F01-63F96DF23151}
		{D443AB49-EB06-411E-8EF3-3C6C9B397F3E} = {D443AB49-EB06-411E-8EF3-3C6C9B397F3E}
		{F41EFB61-2FE2-4494-BF1C-FED676F98F1F} = {F41EFB61-2FE2-4494-BF1C-FED676F98F1F}
		{F8F40198-7C72-4AE7-950E-319FBB3CB12D} = {F8F40198-7C72-4AE7-950E-319FBB3CB12D}
	EndProjectSection
EndProject
Project("{FAE04EC0-301F-11D3-BF4B-00C04F79EFBC}") = "Covid19.Data", "Covid19.Data\Covid19.Data.csproj", "{F41EFB61-2FE2-4494-BF1C-FED676F98F1F}"
	ProjectSection(ProjectDependencies) = postProject
		{D443AB49-EB06-411E-8EF3-3C6C9B397F3E} = {D443AB49-EB06-411E-8EF3-3C6C9B397F3E}
	EndProjectSection
EndProject
Project("{FAE04EC0-301F-11D3-BF4B-00C04F79EFBC}") = "Covid19.Entities", "Covid19.Entities\Covid19.Entities.csproj", "{D443AB49-EB06-411E-8EF3-3C6C9B397F3E}"
EndProject
Project("{FAE04EC0-301F-11D3-BF4B-00C04F79EFBC}") = "Covid19.Repository", "Covid19.Repository\Covid19.Repository.csproj", "{28657A48-0CBB-405D-9F01-63F96DF23151}"
	ProjectSection(ProjectDependencies) = postProject
		{D443AB49-EB06-411E-8EF3-3C6C9B397F3E} = {D443AB49-EB06-411E-8EF3-3C6C9B397F3E}
		{F41EFB61-2FE2-4494-BF1C-FED676F98F1F} = {F41EFB61-2FE2-4494-BF1C-FED676F98F1F}
	EndProjectSection
EndProject
Project("{FAE04EC0-301F-11D3-BF4B-00C04F79EFBC}") = "Covid19.Service", "Covid19.Service\Covid19.Service.csproj", "{F8F40198-7C72-4AE7-950E-319FBB3CB12D}"
	ProjectSection(ProjectDependencies) = postProject
		{28657A48-0CBB-405D-9F01-63F96DF23151} = {28657A48-0CBB-405D-9F01-63F96DF23151}
		{D443AB49-EB06-411E-8EF3-3C6C9B397F3E} = {D443AB49-EB06-411E-8EF3-3C6C9B397F3E}
		{F41EFB61-2FE2-4494-BF1C-FED676F98F1F} = {F41EFB61-2FE2-4494-BF1C-FED676F98F1F}
	EndProjectSection
EndProject
Global
	GlobalSection(SolutionConfigurationPlatforms) = preSolution
		Debug|Any CPU = Debug|Any CPU
		Release|Any CPU = Release|Any CPU
	EndGlobalSection
	GlobalSection(ProjectConfigurationPlatforms) = postSolution
		{B70087EA-B6C2-46F5-8FB3-9B3A056A3282}.Debug|Any CPU.ActiveCfg = Debug|Any CPU
		{B70087EA-B6C2-46F5-8FB3-9B3A056A3282}.Debug|Any CPU.Build.0 = Debug|Any CPU
		{B70087EA-B6C2-46F5-8FB3-9B3A056A3282}.Release|Any CPU.ActiveCfg = Release|Any CPU
		{B70087EA-B6C2-46F5-8FB3-9B3A056A3282}.Release|Any CPU.Build.0 = Release|Any CPU
		{F41EFB61-2FE2-4494-BF1C-FED676F98F1F}.Debug|Any CPU.ActiveCfg = Debug|Any CPU
		{F41EFB61-2FE2-4494-BF1C-FED676F98F1F}.Debug|Any CPU.Build.0 = Debug|Any CPU
		{F41EFB61-2FE2-4494-BF1C-FED676F98F1F}.Release|Any CPU.ActiveCfg = Release|Any CPU
		{F41EFB61-2FE2-4494-BF1C-FED676F98F1F}.Release|Any CPU.Build.0 = Release|Any CPU
		{D443AB49-EB06-411E-8EF3-3C6C9B397F3E}.Debug|Any CPU.ActiveCfg = Debug|Any CPU
		{D443AB49-EB06-411E-8EF3-3C6C9B397F3E}.Debug|Any CPU.Build.0 = Debug|Any CPU
		{D443AB49-EB06-411E-8EF3-3C6C9B397F3E}.Release|Any CPU.ActiveCfg = Release|Any CPU
		{D443AB49-EB06-411E-8EF3-3C6C9B397F3E}.Release|Any CPU.Build.0 = Release|Any CPU
		{28657A48-0CBB-405D-9F01-63F96DF23151}.Debug|Any CPU.ActiveCfg = Debug|Any CPU
		{28657A48-0CBB-405D-9F01-63F96DF23151}.Debug|Any CPU.Build.0 = Debug|Any CPU
		{28657A48-0CBB-405D-9F01-63F96DF23151}.Release|Any CPU.ActiveCfg = Release|Any CPU
		{28657A48-0CBB-405D-9F01-63F96DF23151}.Release|Any CPU.Build.0 = Release|Any CPU
		{F8F40198-7C72-4AE7-950E-319FBB3CB12D}.Debug|Any CPU.ActiveCfg = Debug|Any CPU
		{F8F40198-7C72-4AE7-950E-319FBB3CB12D}.Debug|Any CPU.Build.0 = Debug|Any CPU
		{F8F40198-7C72-4AE7-950E-319FBB3CB12D}.Release|Any CPU.ActiveCfg = Release|Any CPU
		{F8F40198-7C72-4AE7-950E-319FBB3CB12D}.Release|Any CPU.Build.0 = Release|Any CPU
	EndGlobalSection
	GlobalSection(SolutionProperties) = preSolution
		HideSolutionNode = FALSE
	EndGlobalSection
	GlobalSection(ExtensibilityGlobals) = postSolution
		SolutionGuid = {51B5E3D9-6085-4D08-A1E6-9F7A44F3B287}
	EndGlobalSection
EndGlobal
